
Microsoft Visual Studio Solution File, Format Version 12.00
Project("{FAE04EC0-301F-11D3-BF4B-00C04F79EFBC}") = "DutchTreat", "DutchTreat\DutchTreat.csproj", "{A44A3DD8-AF31-4745-BCCA-4E44F734FE10}"
EndProject
Global
	GlobalSection(SolutionConfigurationPlatforms) = preSolution
		Debug|Any CPU = Debug|Any CPU
		Release|Any CPU = Release|Any CPU
	EndGlobalSection
	GlobalSection(ProjectConfigurationPlatforms) = postSolution
		{A44A3DD8-AF31-4745-BCCA-4E44F734FE10}.Debug|Any CPU.ActiveCfg = Debug|Any CPU
		{A44A3DD8-AF31-4745-BCCA-4E44F734FE10}.Debug|Any CPU.Build.0 = Debug|Any CPU
		{A44A3DD8-AF31-4745-BCCA-4E44F734FE10}.Release|Any CPU.ActiveCfg = Release|Any CPU
		{A44A3DD8-AF31-4745-BCCA-4E44F734FE10}.Release|Any CPU.Build.0 = Release|Any CPU
	EndGlobalSection
EndGlobal
